
Microsoft Visual Studio Solution File, Format Version 12.00
# Visual Studio 15
VisualStudioVersion = 15.0.27703.2026
MinimumVisualStudioVersion = 10.0.40219.1
Project("{FAE04EC0-301F-11D3-BF4B-00C04F79EFBC}") = "SampleCheckBoxDynamicArrangement", "SampleCheckBoxDynamicArrangement\SampleCheckBoxDynamicArrangement.csproj", "{6872B9B4-4DE1-479B-8D6C-BDD31FA0B466}"
EndProject
Global
	GlobalSection(SolutionConfigurationPlatforms) = preSolution
		Debug|Any CPU = Debug|Any CPU
		Release|Any CPU = Release|Any CPU
	EndGlobalSection
	GlobalSection(ProjectConfigurationPlatforms) = postSolution
		{6872B9B4-4DE1-479B-8D6C-BDD31FA0B466}.Debug|Any CPU.ActiveCfg = Debug|Any CPU
		{6872B9B4-4DE1-479B-8D6C-BDD31FA0B466}.Debug|Any CPU.Build.0 = Debug|Any CPU
		{6872B9B4-4DE1-479B-8D6C-BDD31FA0B466}.Release|Any CPU.ActiveCfg = Release|Any CPU
		{6872B9B4-4DE1-479B-8D6C-BDD31FA0B466}.Release|Any CPU.Build.0 = Release|Any CPU
	EndGlobalSection
	GlobalSection(SolutionProperties) = preSolution
		HideSolutionNode = FALSE
	EndGlobalSection
	GlobalSection(ExtensibilityGlobals) = postSolution
		SolutionGuid = {94C0982F-B988-47FB-ACA9-445A1145C8EF}
	EndGlobalSection
EndGlobal
